
Microsoft Visual Studio Solution File, Format Version 12.00
# Visual Studio 15
Project("{FAE04EC0-301F-11D3-BF4B-00C04F79EFBC}") = "Taspin.Api", "Taspin.Api\Taspin.Api.csproj", "{E4662104-5253-4AA2-8A11-DD0EBCC2C3AB}"
EndProject
Project("{FAE04EC0-301F-11D3-BF4B-00C04F79EFBC}") = "Taspin.Data", "Taspin.Data\Taspin.Data.csproj", "{4FE18D11-50E2-4871-8562-0AF0EC3F0A00}"
EndProject
Project("{E53339B2-1760-4266-BCC7-CA923CBCF16C}") = "docker-compose", "docker-compose.dcproj", "{50BDA2B5-135D-4E7A-A099-138D43A7112A}"
EndProject
Project("{2150E333-8FDC-42A3-9474-1A3956D46DE8}") = "Solution Items", "Solution Items", "{16239E47-8930-4836-91F6-0B021DAD180B}"
	ProjectSection(SolutionItems) = preProject
		Dockerfile = Dockerfile
	EndProjectSection
EndProject
Global
	GlobalSection(SolutionConfigurationPlatforms) = preSolution
		Debug|Any CPU = Debug|Any CPU
		Release|Any CPU = Release|Any CPU
	EndGlobalSection
	GlobalSection(ProjectConfigurationPlatforms) = postSolution
		{E4662104-5253-4AA2-8A11-DD0EBCC2C3AB}.Debug|Any CPU.ActiveCfg = Debug|Any CPU
		{E4662104-5253-4AA2-8A11-DD0EBCC2C3AB}.Debug|Any CPU.Build.0 = Debug|Any CPU
		{E4662104-5253-4AA2-8A11-DD0EBCC2C3AB}.Release|Any CPU.ActiveCfg = Release|Any CPU
		{E4662104-5253-4AA2-8A11-DD0EBCC2C3AB}.Release|Any CPU.Build.0 = Release|Any CPU
		{4FE18D11-50E2-4871-8562-0AF0EC3F0A00}.Debug|Any CPU.ActiveCfg = Debug|Any CPU
		{4FE18D11-50E2-4871-8562-0AF0EC3F0A00}.Debug|Any CPU.Build.0 = Debug|Any CPU
		{4FE18D11-50E2-4871-8562-0AF0EC3F0A00}.Release|Any CPU.ActiveCfg = Release|Any CPU
		{4FE18D11-50E2-4871-8562-0AF0EC3F0A00}.Release|Any CPU.Build.0 = Release|Any CPU
		{50BDA2B5-135D-4E7A-A099-138D43A7112A}.Debug|Any CPU.ActiveCfg = Debug|Any CPU
		{50BDA2B5-135D-4E7A-A099-138D43A7112A}.Debug|Any CPU.Build.0 = Debug|Any CPU
		{50BDA2B5-135D-4E7A-A099-138D43A7112A}.Release|Any CPU.ActiveCfg = Release|Any CPU
		{50BDA2B5-135D-4E7A-A099-138D43A7112A}.Release|Any CPU.Build.0 = Release|Any CPU
	EndGlobalSection
EndGlobal
